// !$*UTF8*$!
{
	archiveVersion = 1;
	classes = {
	};
	objectVersion = 46;
	objects = {

/* Begin PBXBuildFile section */
		EB0956D819E2D09800C85B42 /* AppDelegate.swift in Sources */ = {isa = PBXBuildFile; fileRef = EB0956D719E2D09800C85B42 /* AppDelegate.swift */; };
		EB0956DA19E2D09800C85B42 /* ViewController.swift in Sources */ = {isa = PBXBuildFile; fileRef = EB0956D919E2D09800C85B42 /* ViewController.swift */; };
		EB0956DD19E2D09800C85B42 /* Main.storyboard in Resources */ = {isa = PBXBuildFile; fileRef = EB0956DB19E2D09800C85B42 /* Main.storyboard */; };
		EB0956DF19E2D09800C85B42 /* Images.xcassets in Resources */ = {isa = PBXBuildFile; fileRef = EB0956DE19E2D09800C85B42 /* Images.xcassets */; };
		EB0956E219E2D09800C85B42 /* LaunchScreen.xib in Resources */ = {isa = PBXBuildFile; fileRef = EB0956E019E2D09800C85B42 /* LaunchScreen.xib */; };
		EB0956EE19E2D09800C85B42 /* Shoe_Size_ConverterTests.swift in Sources */ = {isa = PBXBuildFile; fileRef = EB0956ED19E2D09800C85B42 /* Shoe_Size_ConverterTests.swift */; };
/* End PBXBuildFile section */

/* Begin PBXContainerItemProxy section */
		EB0956E819E2D09800C85B42 /* PBXContainerItemProxy */ = {
			isa = PBXContainerItemProxy;
			containerPortal = EB0956CA19E2D09800C85B42 /* Project object */;
			proxyType = 1;
			remoteGlobalIDString = EB0956D119E2D09800C85B42;
			remoteInfo = "Shoe Size Converter";
		};
/* End PBXContainerItemProxy section */

/* Begin PBXFileReference section */
		EB0956D219E2D09800C85B42 /* Shoe Size Converter.app */ = {isa = PBXFileReference; explicitFileType = wrapper.application; includeInIndex = 0; path = "Shoe Size Converter.app"; sourceTree = BUILT_PRODUCTS_DIR; };
		EB0956D619E2D09800C85B42 /* Info.plist */ = {isa = PBXFileReference; lastKnownFileType = text.plist.xml; path = Info.plist; sourceTree = "<group>"; };
		EB0956D719E2D09800C85B42 /* AppDelegate.swift */ = {isa = PBXFileReference; lastKnownFileType = sourcecode.swift; path = AppDelegate.swift; sourceTree = "<group>"; };
		EB0956D919E2D09800C85B42 /* ViewController.swift */ = {isa = PBXFileReference; lastKnownFileType = sourcecode.swift; path = ViewController.swift; sourceTree = "<group>"; };
		EB0956DC19E2D09800C85B42 /* Base */ = {isa = PBXFileReference; lastKnownFileType = file.storyboard; name = Base; path = Base.lproj/Main.storyboard; sourceTree = "<group>"; };
		EB0956DE19E2D09800C85B42 /* Images.xcassets */ = {isa = PBXFileReference; lastKnownFileType = folder.assetcatalog; path = Images.xcassets; sourceTree = "<group>"; };
		EB0956E119E2D09800C85B42 /* Base */ = {isa = PBXFileReference; lastKnownFileType = file.xib; name = Base; path = Base.lproj/LaunchScreen.xib; sourceTree = "<group>"; };
		EB0956E719E2D09800C85B42 /* Shoe Size ConverterTests.xctest */ = {isa = PBXFileReference; explicitFileType = wrapper.cfbundle; includeInIndex = 0; path = "Shoe Size ConverterTests.xctest"; sourceTree = BUILT_PRODUCTS_DIR; };
		EB0956EC19E2D09800C85B42 /* Info.plist */ = {isa = PBXFileReference; lastKnownFileType = text.plist.xml; path = Info.plist; sourceTree = "<group>"; };
		EB0956ED19E2D09800C85B42 /* Shoe_Size_ConverterTests.swift */ = {isa = PBXFileReference; lastKnownFileType = sourcecode.swift; path = Shoe_Size_ConverterTests.swift; sourceTree = "<group>"; };
/* End PBXFileReference section */

/* Begin PBXFrameworksBuildPhase section */
		EB0956CF19E2D09800C85B42 /* Frameworks */ = {
			isa = PBXFrameworksBuildPhase;
			buildActionMask = 2147483647;
			files = (
			);
			runOnlyForDeploymentPostprocessing = 0;
		};
		EB0956E419E2D09800C85B42 /* Frameworks */ = {
			isa = PBXFrameworksBuildPhase;
			buildActionMask = 2147483647;
			files = (
			);
			runOnlyForDeploymentPostprocessing = 0;
		};
/* End PBXFrameworksBuildPhase section */

/* Begin PBXGroup section */
		EB0956C919E2D09800C85B42 = {
			isa = PBXGroup;
			children = (
				EB0956D419E2D09800C85B42 /* Shoe Size Converter */,
				EB0956EA19E2D09800C85B42 /* Shoe Size ConverterTests */,
				EB0956D319E2D09800C85B42 /* Products */,
			);
			sourceTree = "<group>";
		};
		EB0956D319E2D09800C85B42 /* Products */ = {
			isa = PBXGroup;
			children = (
				EB0956D219E2D09800C85B42 /* Shoe Size Converter.app */,
				EB0956E719E2D09800C85B42 /* Shoe Size ConverterTests.xctest */,
			);
			name = Products;
			sourceTree = "<group>";
		};
		EB0956D419E2D09800C85B42 /* Shoe Size Converter */ = {
			isa = PBXGroup;
			children = (
				EB0956D719E2D09800C85B42 /* AppDelegate.swift */,
				EB0956D919E2D09800C85B42 /* ViewController.swift */,
				EB0956DB19E2D09800C85B42 /* Main.storyboard */,
				EB0956DE19E2D09800C85B42 /* Images.xcassets */,
				EB0956E019E2D09800C85B42 /* LaunchScreen.xib */,
				EB0956D519E2D09800C85B42 /* Supporting Files */,
			);
			path = "Shoe Size Converter";
			sourceTree = "<group>";
		};
		EB0956D519E2D09800C85B42 /* Supporting Files */ = {
			isa = PBXGroup;
			children = (
				EB0956D619E2D09800C85B42 /* Info.plist */,
			);
			name = "Supporting Files";
			sourceTree = "<group>";
		};
		EB0956EA19E2D09800C85B42 /* Shoe Size ConverterTests */ = {
			isa = PBXGroup;
			children = (
				EB0956ED19E2D09800C85B42 /* Shoe_Size_ConverterTests.swift */,
				EB0956EB19E2D09800C85B42 /* Supporting Files */,
			);
			path = "Shoe Size ConverterTests";
			sourceTree = "<group>";
		};
		EB0956EB19E2D09800C85B42 /* Supporting Files */ = {
			isa = PBXGroup;
			children = (
				EB0956EC19E2D09800C85B42 /* Info.plist */,
			);
			name = "Supporting Files";
			sourceTree = "<group>";
		};
/* End PBXGroup section */

/* Begin PBXNativeTarget section */
		EB0956D119E2D09800C85B42 /* Shoe Size Converter */ = {
			isa = PBXNativeTarget;
			buildConfigurationList = EB0956F119E2D09800C85B42 /* Build configuration list for PBXNativeTarget "Shoe Size Converter" */;
			buildPhases = (
				EB0956CE19E2D09800C85B42 /* Sources */,
				EB0956CF19E2D09800C85B42 /* Frameworks */,
				EB0956D019E2D09800C85B42 /* Resources */,
			);
			buildRules = (
			);
			dependencies = (
			);
			name = "Shoe Size Converter";
			productName = "Shoe Size Converter";
			productReference = EB0956D219E2D09800C85B42 /* Shoe Size Converter.app */;
			productType = "com.apple.product-type.application";
		};
		EB0956E619E2D09800C85B42 /* Shoe Size ConverterTests */ = {
			isa = PBXNativeTarget;
			buildConfigurationList = EB0956F419E2D09800C85B42 /* Build configuration list for PBXNativeTarget "Shoe Size ConverterTests" */;
			buildPhases = (
				EB0956E319E2D09800C85B42 /* Sources */,
				EB0956E419E2D09800C85B42 /* Frameworks */,
				EB0956E519E2D09800C85B42 /* Resources */,
			);
			buildRules = (
			);
			dependencies = (
				EB0956E919E2D09800C85B42 /* PBXTargetDependency */,
			);
			name = "Shoe Size ConverterTests";
			productName = "Shoe Size ConverterTests";
			productReference = EB0956E719E2D09800C85B42 /* Shoe Size ConverterTests.xctest */;
			productType = "com.apple.product-type.bundle.unit-test";
		};
/* End PBXNativeTarget section */

/* Begin PBXProject section */
		EB0956CA19E2D09800C85B42 /* Project object */ = {
			isa = PBXProject;
			attributes = {
				LastUpgradeCheck = 0600;
				ORGANIZATIONNAME = jordan;
				TargetAttributes = {
					EB0956D119E2D09800C85B42 = {
						CreatedOnToolsVersion = 6.0.1;
					};
					EB0956E619E2D09800C85B42 = {
						CreatedOnToolsVersion = 6.0.1;
						TestTargetID = EB0956D119E2D09800C85B42;
					};
				};
			};
			buildConfigurationList = EB0956CD19E2D09800C85B42 /* Build configuration list for PBXProject "Shoe Size Converter" */;
			compatibilityVersion = "Xcode 3.2";
			developmentRegion = English;
			hasScannedForEncodings = 0;
			knownRegions = (
				en,
				Base,
			);
			mainGroup = EB0956C919E2D09800C85B42;
			productRefGroup = EB0956D319E2D09800C85B42 /* Products */;
			projectDirPath = "";
			projectRoot = "";
			targets = (
				EB0956D119E2D09800C85B42 /* Shoe Size Converter */,
				EB0956E619E2D09800C85B42 /* Shoe Size ConverterTests */,
			);
		};
/* End PBXProject section */

/* Begin PBXResourcesBuildPhase section */
		EB0956D019E2D09800C85B42 /* Resources */ = {
			isa = PBXResourcesBuildPhase;
			buildActionMask = 2147483647;
			files = (
				EB0956DD19E2D09800C85B42 /* Main.storyboard in Resources */,
				EB0956E219E2D09800C85B42 /* LaunchScreen.xib in Resources */,
				EB0956DF19E2D09800C85B42 /* Images.xcassets in Resources */,
			);
			runOnlyForDeploymentPostprocessing = 0;
		};
		EB0956E519E2D09800C85B42 /* Resources */ = {
			isa = PBXResourcesBuildPhase;
			buildActionMask = 2147483647;
			files = (
			);
			runOnlyForDeploymentPostprocessing = 0;
		};
/* End PBXResourcesBuildPhase section */

/* Begin PBXSourcesBuildPhase section */
		EB0956CE19E2D09800C85B42 /* Sources */ = {
			isa = PBXSourcesBuildPhase;
			buildActionMask = 2147483647;
			files = (
				EB0956DA19E2D09800C85B42 /* ViewController.swift in Sources */,
				EB0956D819E2D09800C85B42 /* AppDelegate.swift in Sources */,
			);
			runOnlyForDeploymentPostprocessing = 0;
		};
		EB0956E319E2D09800C85B42 /* Sources */ = {
			isa = PBXSourcesBuildPhase;
			buildActionMask = 2147483647;
			files = (
				EB0956EE19E2D09800C85B42 /* Shoe_Size_ConverterTests.swift in Sources */,
			);
			runOnlyForDeploymentPostprocessing = 0;
		};
/* End PBXSourcesBuildPhase section */

/* Begin PBXTargetDependency section */
		EB0956E919E2D09800C85B42 /* PBXTargetDependency */ = {
			isa = PBXTargetDependency;
			target = EB0956D119E2D09800C85B42 /* Shoe Size Converter */;
			targetProxy = EB0956E819E2D09800C85B42 /* PBXContainerItemProxy */;
		};
/* End PBXTargetDependency section */

/* Begin PBXVariantGroup section */
		EB0956DB19E2D09800C85B42 /* Main.storyboard */ = {
			isa = PBXVariantGroup;
			children = (
				EB0956DC19E2D09800C85B42 /* Base */,
			);
			name = Main.storyboard;
			sourceTree = "<group>";
		};
		EB0956E019E2D09800C85B42 /* LaunchScreen.xib */ = {
			isa = PBXVariantGroup;
			children = (
				EB0956E119E2D09800C85B42 /* Base */,
			);
			name = LaunchScreen.xib;
			sourceTree = "<group>";
		};
/* End PBXVariantGroup section */

/* Begin XCBuildConfiguration section */
		EB0956EF19E2D09800C85B42 /* Debug */ = {
			isa = XCBuildConfiguration;
			buildSettings = {
				ALWAYS_SEARCH_USER_PATHS = NO;
				CLANG_CXX_LANGUAGE_STANDARD = "gnu++0x";
				CLANG_CXX_LIBRARY = "libc++";
				CLANG_ENABLE_MODULES = YES;
				CLANG_ENABLE_OBJC_ARC = YES;
				CLANG_WARN_BOOL_CONVERSION = YES;
				CLANG_WARN_CONSTANT_CONVERSION = YES;
				CLANG_WARN_DIRECT_OBJC_ISA_USAGE = YES_ERROR;
				CLANG_WARN_EMPTY_BODY = YES;
				CLANG_WARN_ENUM_CONVERSION = YES;
				CLANG_WARN_INT_CONVERSION = YES;
				CLANG_WARN_OBJC_ROOT_CLASS = YES_ERROR;
				CLANG_WARN_UNREACHABLE_CODE = YES;
				CLANG_WARN__DUPLICATE_METHOD_MATCH = YES;
				"CODE_SIGN_IDENTITY[sdk=iphoneos*]" = "iPhone Developer";
				COPY_PHASE_STRIP = NO;
				ENABLE_STRICT_OBJC_MSGSEND = YES;
				GCC_C_LANGUAGE_STANDARD = gnu99;
				GCC_DYNAMIC_NO_PIC = NO;
				GCC_OPTIMIZATION_LEVEL = 0;
				GCC_PREPROCESSOR_DEFINITIONS = (
					"DEBUG=1",
					"$(inherited)",
				);
				GCC_SYMBOLS_PRIVATE_EXTERN = NO;
				GCC_WARN_64_TO_32_BIT_CONVERSION = YES;
				GCC_WARN_ABOUT_RETURN_TYPE = YES_ERROR;
				GCC_WARN_UNDECLARED_SELECTOR = YES;
				GCC_WARN_UNINITIALIZED_AUTOS = YES_AGGRESSIVE;
				GCC_WARN_UNUSED_FUNCTION = YES;
				GCC_WARN_UNUSED_VARIABLE = YES;
				IPHONEOS_DEPLOYMENT_TARGET = 8.0;
				MTL_ENABLE_DEBUG_INFO = YES;
				ONLY_ACTIVE_ARCH = YES;
				SDKROOT = iphoneos;
				SWIFT_OPTIMIZATION_LEVEL = "-Onone";
			};
			name = Debug;
		};
		EB0956F019E2D09800C85B42 /* Release */ = {
			isa = XCBuildConfiguration;
			buildSettings = {
				ALWAYS_SEARCH_USER_PATHS = NO;
				CLANG_CXX_LANGUAGE_STANDARD = "gnu++0x";
				CLANG_CXX_LIBRARY = "libc++";
				CLANG_ENABLE_MODULES = YES;
				CLANG_ENABLE_OBJC_ARC = YES;
				CLANG_WARN_BOOL_CONVERSION = YES;
				CLANG_WARN_CONSTANT_CONVERSION = YES;
				CLANG_WARN_DIRECT_OBJC_ISA_USAGE = YES_ERROR;
				CLANG_WARN_EMPTY_BODY = YES;
				CLANG_WARN_ENUM_CONVERSION = YES;
				CLANG_WARN_INT_CONVERSION = YES;
				CLANG_WARN_OBJC_ROOT_CLASS = YES_ERROR;
				CLANG_WARN_UNREACHABLE_CODE = YES;
				CLANG_WARN__DUPLICATE_METHOD_MATCH = YES;
				"CODE_SIGN_IDENTITY[sdk=iphoneos*]" = "iPhone Developer";
				COPY_PHASE_STRIP = YES;
				ENABLE_NS_ASSERTIONS = NO;
				ENABLE_STRICT_OBJC_MSGSEND = YES;
				GCC_C_LANGUAGE_STANDARD = gnu99;
				GCC_WARN_64_TO_32_BIT_CONVERSION = YES;
				GCC_WARN_ABOUT_RETURN_TYPE = YES_ERROR;
				GCC_WARN_UNDECLARED_SELECTOR = YES;
				GCC_WARN_UNINITIALIZED_AUTOS = YES_AGGRESSIVE;
				GCC_WARN_UNUSED_FUNCTION = YES;
				GCC_WARN_UNUSED_VARIABLE = YES;
				IPHONEOS_DEPLOYMENT_TARGET = 8.0;
				MTL_ENABLE_DEBUG_INFO = NO;
				SDKROOT = iphoneos;
				VALIDATE_PRODUCT = YES;
			};
			name = Release;
		};
		EB0956F219E2D09800C85B42 /* Debug */ = {
			isa = XCBuildConfiguration;
			buildSettings = {
				ASSETCATALOG_COMPILER_APPICON_NAME = AppIcon;
				INFOPLIST_FILE = "Shoe Size Converter/Info.plist";
				LD_RUNPATH_SEARCH_PATHS = "$(inherited) @executable_path/Frameworks";
				PRODUCT_NAME = "$(TARGET_NAME)";
			};
			name = Debug;
		};
		EB0956F319E2D09800C85B42 /* Release */ = {
			isa = XCBuildConfiguration;
			buildSettings = {
				ASSETCATALOG_COMPILER_APPICON_NAME = AppIcon;
				INFOPLIST_FILE = "Shoe Size Converter/Info.plist";
				LD_RUNPATH_SEARCH_PATHS = "$(inherited) @executable_path/Frameworks";
				PRODUCT_NAME = "$(TARGET_NAME)";
			};
			name = Release;
		};
		EB0956F519E2D09800C85B42 /* Debug */ = {
			isa = XCBuildConfiguration;
			buildSettings = {
				BUNDLE_LOADER = "$(TEST_HOST)";
				FRAMEWORK_SEARCH_PATHS = (
					"$(SDKROOT)/Developer/Library/Frameworks",
					"$(inherited)",
				);
				GCC_PREPROCESSOR_DEFINITIONS = (
					"DEBUG=1",
					"$(inherited)",
				);
				INFOPLIST_FILE = "Shoe Size ConverterTests/Info.plist";
				LD_RUNPATH_SEARCH_PATHS = "$(inherited) @executable_path/Frameworks @loader_path/Frameworks";
				PRODUCT_NAME = "$(TARGET_NAME)";
				TEST_HOST = "$(BUILT_PRODUCTS_DIR)/Shoe Size Converter.app/Shoe Size Converter";
			};
			name = Debug;
		};
		EB0956F619E2D09800C85B42 /* Release */ = {
			isa = XCBuildConfiguration;
			buildSettings = {
				BUNDLE_LOADER = "$(TEST_HOST)";
				FRAMEWORK_SEARCH_PATHS = (
					"$(SDKROOT)/Developer/Library/Frameworks",
					"$(inherited)",
				);
				INFOPLIST_FILE = "Shoe Size ConverterTests/Info.plist";
				LD_RUNPATH_SEARCH_PATHS = "$(inherited) @executable_path/Frameworks @loader_path/Frameworks";
				PRODUCT_NAME = "$(TARGET_NAME)";
				TEST_HOST = "$(BUILT_PRODUCTS_DIR)/Shoe Size Converter.app/Shoe Size Converter";
			};
			name = Release;
		};
/* End XCBuildConfiguration section */

/* Begin XCConfigurationList section */
		EB0956CD19E2D09800C85B42 /* Build configuration list for PBXProject "Shoe Size Converter" */ = {
			isa = XCConfigurationList;
			buildConfigurations = (
				EB0956EF19E2D09800C85B42 /* Debug */,
				EB0956F019E2D09800C85B42 /* Release */,
			);
			defaultConfigurationIsVisible = 0;
			defaultConfigurationName = Release;
		};
		EB0956F119E2D09800C85B42 /* Build configuration list for PBXNativeTarget "Shoe Size Converter" */ = {
			isa = XCConfigurationList;
			buildConfigurations = (
				EB0956F219E2D09800C85B42 /* Debug */,
				EB0956F319E2D09800C85B42 /* Release */,
			);
			defaultConfigurationIsVisible = 0;
		};
		EB0956F419E2D09800C85B42 /* Build configuration list for PBXNativeTarget "Shoe Size ConverterTests" */ = {
			isa = XCConfigurationList;
			buildConfigurations = (
				EB0956F519E2D09800C85B42 /* Debug */,
				EB0956F619E2D09800C85B42 /* Release */,
			);
			defaultConfigurationIsVisible = 0;
		};
/* End XCConfigurationList section */
	};
	rootObject = EB0956CA19E2D09800C85B42 /* Project object */;
}
